# This is a Gradle generated file for dependency locking.
# Manual edits can break the build and are not advised.
# This file is expected to be part of source control.
com.google.code.gson:gson:2.14.0=compileClasspath,runtimeClasspath,testCompileClasspath,testRuntimeClasspath
com.google.errorprone:error_prone_annotations:2.48.0=compileClasspath,runtimeClasspath,testCompileClasspath,testRuntimeClasspath
com.moandjiezana.toml:toml4j:0.7.2=runtimeClasspath,testRuntimeClasspath
com.squareup.okhttp3:okhttp-sse:4.12.0=runtimeClasspath,testRuntimeClasspath
com.squareup.okhttp3:okhttp:4.12.0=runtimeClasspath,testRuntimeClasspath
com.squareup.okio:okio-jvm:3.6.0=runtimeClasspath,testRuntimeClasspath
com.squareup.okio:okio:3.6.0=runtimeClasspath,testRuntimeClasspath
commons-codec:commons-codec:1.22.0=runtimeClasspath,testRuntimeClasspath
network.lightsail:stellar-sdk:5.0.0=compileClasspath,runtimeClasspath,testCompileClasspath,testRuntimeClasspath
org.bouncycastle:bcprov-jdk18on:1.84=runtimeClasspath,testRuntimeClasspath
org.jetbrains.kotlin:kotlin-stdlib-common:1.9.10=runtimeClasspath,testRuntimeClasspath
org.jetbrains.kotlin:kotlin-stdlib-jdk7:1.9.10=runtimeClasspath,testRuntimeClasspath
org.jetbrains.kotlin:kotlin-stdlib-jdk8:1.9.10=runtimeClasspath,testRuntimeClasspath
org.jetbrains.kotlin:kotlin-stdlib:1.9.10=runtimeClasspath,testRuntimeClasspath
org.jetbrains:annotations:13.0=runtimeClasspath,testRuntimeClasspath
empty=annotationProcessor,shadow,testAnnotationProcessor
