github.com/davecgh/go-spew v1.1.2-0.20180830191138-d8f796af33cc h1:U9qPSI2PIWSS1VwoXQT9A3Wy9MM3WgvqSxFWenqJduM=
github.com/davecgh/go-spew v1.1.2-0.20180830191138-d8f796af33cc/go.mod h1:J7Y8YcW2NihsgmVo/mv3lAwl/skON4iLHjSsI+c5H38=
github.com/fsnotify/fsnotify v1.6.0 h1:n+5WquG0fcWoWp6xPWfHdbskMCQaFnG6PfBrh1Ky4HY=
github.com/fsnotify/fsnotify v1.6.0/go.mod h1:sl3t1tCWJFWoRz9R8WJCbQihKKwmorjAbSClcnxKAGw=
github.com/go-chi/chi v4.1.2+incompatible h1:fGFk2Gmi/YKXk0OmGfBh0WgmN3XB8lVnEyNz34tQRec=
github.com/go-chi/chi v4.1.2+incompatible/go.mod h1:eB3wogJHnLi3x/kFX2A+IbTBlXxmMeXJVKy9tTv1XzQ=
github.com/go-errors/errors v1.5.1 h1:ZwEMSLRCapFLflTpT7NKaAc7ukJ8ZPEjzlxt8rPN8bk=
github.com/go-errors/errors v1.5.1/go.mod h1:sIVyrIiJhuEF+Pj9Ebtd6P/rEYROXFi3BopGUQ5a5Og=
github.com/google/go-cmp v0.7.0 h1:wk8382ETsv4JYUZwIsn6YpYiWiBsYLSJiTsyBybVuN8=
github.com/google/go-cmp v0.7.0/go.mod h1:pXiqmnSA92OHEEa9HXL2W4E7lf9JzCmGVUdgjX3N/iU=
github.com/gorilla/schema v1.4.1 h1:jUg5hUjCSDZpNGLuXQOgIWGdlgrIdYvgQ0wZtdK1M3E=
github.com/gorilla/schema v1.4.1/go.mod h1:Dg5SSm5PV60mhF2NFaTV1xuYYj8tV8NOPRo4FggUMnM=
github.com/klauspost/compress v1.17.6 h1:60eq2E/jlfwQXtvZEeBUYADs+BwKBWURIY+Gj2eRGjI=
github.com/klauspost/compress v1.17.6/go.mod h1:/dCuZOvVtNoHsyb+cuJD3itjs3NbnF6KH9zAO4BDxPM=
github.com/manucorporat/sse v0.0.0-20160126180136-ee05b128a739 h1:ykXz+pRRTibcSjG1yRhpdSHInF8yZY/mfn+Rz2Nd1rE=
github.com/manucorporat/sse v0.0.0-20160126180136-ee05b128a739/go.mod h1:zUx1mhth20V3VKgL5jbd1BSQcW4Fy6Qs4PZvQwRFwzM=
github.com/nxadm/tail v1.4.8 h1:nPr65rt6Y5JFSKQO7qToXr7pePgD6Gwiw05lkbyAQTE=
github.com/nxadm/tail v1.4.8/go.mod h1:+ncqLTQzXmGhMZNUePPaPqPvBxHAIsmXswZKocGu+AU=
github.com/onsi/ginkgo v1.16.5 h1:8xi0RTUf59SOSfEtZMvwTvXYMzG4gV23XVHOZiXNtnE=
github.com/onsi/ginkgo v1.16.5/go.mod h1:+E8gABHa3K6zRBolWtd+ROzc/U5bkGt0FwiG042wbpU=
github.com/onsi/gomega v1.27.10 h1:naR28SdDFlqrG6kScpT8VWpu1xWY5nJRCF3XaYyBjhI=
github.com/onsi/gomega v1.27.10/go.mod h1:RsS8tutOdbdgzbPtzzATp12yT7kM5I5aElG3evPbQ0M=
github.com/pkg/errors v0.9.1 h1:FEBLx1zS214owpjy7qsBeixbURkuhQAwrK5UwLGTwt4=
github.com/pkg/errors v0.9.1/go.mod h1:bwawxfHBFNV+L2hUp1rHADufV3IMtnDRdf1r5NINEl0=
github.com/pmezard/go-difflib v1.0.1-0.20181226105442-5d4384ee4fb2 h1:Jamvg5psRIccs7FGNTlIRMkT8wgtp5eCXdBlqhYGL6U=
github.com/pmezard/go-difflib v1.0.1-0.20181226105442-5d4384ee4fb2/go.mod h1:iKH77koFhYxTK1pcRnkKkqfTogsbg7gZNVY4sRDYZ/4=
github.com/segmentio/go-loggly v0.5.1-0.20171222203950-eb91657e62b2 h1:S4OC0+OBKz6mJnzuHioeEat74PuQ4Sgvbf8eus695sc=
github.com/segmentio/go-loggly v0.5.1-0.20171222203950-eb91657e62b2/go.mod h1:8zLRYR5npGjaOXgPSKat5+oOh+UHd8OdbS18iqX9F6Y=
github.com/sirupsen/logrus v1.9.3 h1:dueUQJ1C2q9oE3F7wvmSGAaVtTmUizReu6fjN8uqzbQ=
github.com/sirupsen/logrus v1.9.3/go.mod h1:naHLuLoDiP4jHNo9R0sCBMtWGeIprob74mVsIT4qYEQ=
github.com/stellar/go v0.0.0-20251210100531-aab2ea4aca88 h1:T7CDnX+NSQlu9pxLlxZN0qt6SeUoQ6lxwZjY+Y9Ky54=
github.com/stellar/go v0.0.0-20251210100531-aab2ea4aca88/go.mod h1:pcoYvfcsyFzzSut3RBWF9Ts8g4Z7SWbkb8Hitu7k4BU=
github.com/stellar/go-xdr v0.0.0-20231122183749-b53fb00bcac2 h1:OzCVd0SV5qE3ZcDeSFCmOWLZfEWZ3Oe8KtmSOYKEVWE=
github.com/stellar/go-xdr v0.0.0-20231122183749-b53fb00bcac2/go.mod h1:yoxyU/M8nl9LKeWIoBrbDPQ7Cy+4jxRcWcOayZ4BMps=
github.com/stretchr/objx v0.5.2 h1:xuMeJ0Sdp5ZMRXx/aWO6RZxdr3beISkG5/G/aIRr3pY=
github.com/stretchr/objx v0.5.2/go.mod h1:FRsXN1f5AsAjCGJKqEizvkpNtU+EGNCLh3NxZ/8L+MA=
github.com/stretchr/testify v1.10.0 h1:Xv5erBjTwe/5IxqUQTdXv5kgmIvbHo3QQyRwhJsOfJA=
github.com/stretchr/testify v1.10.0/go.mod h1:r2ic/lqez/lEtzL7wO/rwa5dbSLXVDPFyf8C91i36aY=
github.com/xdrpp/goxdr v0.1.1 h1:E1B2c6E8eYhOVyd7yEpOyopzTPirUeF6mVOfXfGyJyc=
github.com/xdrpp/goxdr v0.1.1/go.mod h1:dXo1scL/l6s7iME1gxHWo2XCppbHEKZS7m/KyYWkNzA=
golang.org/x/exp v0.0.0-20231006140011-7918f672742d h1:jtJma62tbqLibJ5sFQz8bKtEM8rJBtfilJ2qTU199MI=
golang.org/x/exp v0.0.0-20231006140011-7918f672742d/go.mod h1:ldy0pHrwJyGW56pPQzzkH36rKxoZW1tw7ZJpeKx+hdo=
golang.org/x/net v0.47.0 h1:Mx+4dIFzqraBXUugkia1OOvlD6LemFo1ALMHjrXDOhY=
golang.org/x/net v0.47.0/go.mod h1:/jNxtkgq5yWUGYkaZGqo27cfGZ1c5Nen03aYrrKpVRU=
golang.org/x/sys v0.38.0 h1:3yZWxaJjBmCWXqhN1qh02AkOnCQ1poK6oF+a7xWL6Gc=
golang.org/x/sys v0.38.0/go.mod h1:OgkHotnGiDImocRcuBABYBEXf8A9a87e/uXjp9XT3ks=
golang.org/x/text v0.31.0 h1:aC8ghyu4JhP8VojJ2lEHBnochRno1sgL6nEi9WGFGMM=
golang.org/x/text v0.31.0/go.mod h1:tKRAlv61yKIjGGHX/4tP1LTbc13YSec1pxVEWXzfoeM=
gopkg.in/tomb.v1 v1.0.0-20141024135613-dd632973f1e7 h1:uRGJdciOHaEIrze2W8Q3AKkepLTh2hOroT7a+7czfdQ=
gopkg.in/tomb.v1 v1.0.0-20141024135613-dd632973f1e7/go.mod h1:dt/ZhP58zS4L8KSrWDmTeBkI65Dw0HsyUHuEVlX15mw=
gopkg.in/yaml.v3 v3.0.1 h1:fxVm/GzAzEWqLHuvctI91KS9hhNmmWOoWu0XTYJS7CA=
gopkg.in/yaml.v3 v3.0.1/go.mod h1:K4uyk7z7BCEPqu6E+C64Yfv1cQ7kz7rIZviUmN+EgEM=
